// !$*UTF8*$!
{
	archiveVersion = 1;
	classes = {
	};
	objectVersion = 56;
	objects = {

/* Begin PBXBuildFile section */
		BP100001 /* AppDelegate.swift in Sources */ = {isa = PBXBuildFile; fileRef = BP200001 /* AppDelegate.swift */; };
		BP100002 /* BrowserPickerApp.swift in Sources */ = {isa = PBXBuildFile; fileRef = BP200002 /* BrowserPickerApp.swift */; };
		BP100003 /* PickerConfig.swift in Sources */ = {isa = PBXBuildFile; fileRef = BP200003 /* PickerConfig.swift */; };
		BP100004 /* Router.swift in Sources */ = {isa = PBXBuildFile; fileRef = BP200004 /* Router.swift */; };
		BP100005 /* ConfigStore.swift in Sources */ = {isa = PBXBuildFile; fileRef = BP200005 /* ConfigStore.swift */; };
		BP100006 /* Scanners.swift in Sources */ = {isa = PBXBuildFile; fileRef = BP200006 /* Scanners.swift */; };
		BP100007 /* BrowserOpener.swift in Sources */ = {isa = PBXBuildFile; fileRef = BP200007 /* BrowserOpener.swift */; };
		BP100008 /* AppTracker.swift in Sources */ = {isa = PBXBuildFile; fileRef = BP200008 /* AppTracker.swift */; };
		BP100009 /* AppLog.swift in Sources */ = {isa = PBXBuildFile; fileRef = BP200009 /* AppLog.swift */; };
		BP100010 /* AppEvents.swift in Sources */ = {isa = PBXBuildFile; fileRef = BP200010 /* AppEvents.swift */; };
		BP100011 /* MenuBarView.swift in Sources */ = {isa = PBXBuildFile; fileRef = BP200011 /* MenuBarView.swift */; };
		BP100012 /* SettingsView.swift in Sources */ = {isa = PBXBuildFile; fileRef = BP200012 /* SettingsView.swift */; };
		BP100013 /* RuleRowView.swift in Sources */ = {isa = PBXBuildFile; fileRef = BP200013 /* RuleRowView.swift */; };
		BP100014 /* AboutView.swift in Sources */ = {isa = PBXBuildFile; fileRef = BP200014 /* AboutView.swift */; };
		BP100015 /* Assets.xcassets in Resources */ = {isa = PBXBuildFile; fileRef = BP200015 /* Assets.xcassets */; };
		BP100016 /* MenuBarIcon.swift in Sources */ = {isa = PBXBuildFile; fileRef = BP200018 /* MenuBarIcon.swift */; };
		BP100020 /* RouterTests.swift in Sources */ = {isa = PBXBuildFile; fileRef = BP200020 /* RouterTests.swift */; };
		BP100021 /* URLMatcherTests.swift in Sources */ = {isa = PBXBuildFile; fileRef = BP200021 /* URLMatcherTests.swift */; };
		BP100022 /* AppMatcherTests.swift in Sources */ = {isa = PBXBuildFile; fileRef = BP200022 /* AppMatcherTests.swift */; };
		BP100023 /* ConfigTests.swift in Sources */ = {isa = PBXBuildFile; fileRef = BP200023 /* ConfigTests.swift */; };
/* End PBXBuildFile section */

/* Begin PBXContainerItemProxy section */
		BP900003 /* PBXContainerItemProxy */ = {
			isa = PBXContainerItemProxy;
			containerPortal = BPAA0001 /* Project object */;
			proxyType = 1;
			remoteGlobalIDString = BP600001;
			remoteInfo = BrowserPicker;
		};
/* End PBXContainerItemProxy section */

/* Begin PBXFileReference section */
		BP200001 /* AppDelegate.swift */ = {isa = PBXFileReference; lastKnownFileType = sourcecode.swift; path = AppDelegate.swift; sourceTree = "<group>"; };
		BP200002 /* BrowserPickerApp.swift */ = {isa = PBXFileReference; lastKnownFileType = sourcecode.swift; path = BrowserPickerApp.swift; sourceTree = "<group>"; };
		BP200003 /* PickerConfig.swift */ = {isa = PBXFileReference; lastKnownFileType = sourcecode.swift; path = PickerConfig.swift; sourceTree = "<group>"; };
		BP200004 /* Router.swift */ = {isa = PBXFileReference; lastKnownFileType = sourcecode.swift; path = Router.swift; sourceTree = "<group>"; };
		BP200005 /* ConfigStore.swift */ = {isa = PBXFileReference; lastKnownFileType = sourcecode.swift; path = ConfigStore.swift; sourceTree = "<group>"; };
		BP200006 /* Scanners.swift */ = {isa = PBXFileReference; lastKnownFileType = sourcecode.swift; path = Scanners.swift; sourceTree = "<group>"; };
		BP200007 /* BrowserOpener.swift */ = {isa = PBXFileReference; lastKnownFileType = sourcecode.swift; path = BrowserOpener.swift; sourceTree = "<group>"; };
		BP200008 /* AppTracker.swift */ = {isa = PBXFileReference; lastKnownFileType = sourcecode.swift; path = AppTracker.swift; sourceTree = "<group>"; };
		BP200009 /* AppLog.swift */ = {isa = PBXFileReference; lastKnownFileType = sourcecode.swift; path = AppLog.swift; sourceTree = "<group>"; };
		BP200010 /* AppEvents.swift */ = {isa = PBXFileReference; lastKnownFileType = sourcecode.swift; path = AppEvents.swift; sourceTree = "<group>"; };
		BP200011 /* MenuBarView.swift */ = {isa = PBXFileReference; lastKnownFileType = sourcecode.swift; path = MenuBarView.swift; sourceTree = "<group>"; };
		BP200012 /* SettingsView.swift */ = {isa = PBXFileReference; lastKnownFileType = sourcecode.swift; path = SettingsView.swift; sourceTree = "<group>"; };
		BP200013 /* RuleRowView.swift */ = {isa = PBXFileReference; lastKnownFileType = sourcecode.swift; path = RuleRowView.swift; sourceTree = "<group>"; };
		BP200014 /* AboutView.swift */ = {isa = PBXFileReference; lastKnownFileType = sourcecode.swift; path = AboutView.swift; sourceTree = "<group>"; };
		BP200015 /* Assets.xcassets */ = {isa = PBXFileReference; lastKnownFileType = folder.assetcatalog; path = Assets.xcassets; sourceTree = "<group>"; };
		BP200016 /* Info.plist */ = {isa = PBXFileReference; lastKnownFileType = text.plist.xml; path = Info.plist; sourceTree = "<group>"; };
		BP200017 /* BrowserPicker.entitlements */ = {isa = PBXFileReference; lastKnownFileType = text.plist.entitlements; path = BrowserPicker.entitlements; sourceTree = "<group>"; };
		BP200018 /* MenuBarIcon.swift */ = {isa = PBXFileReference; lastKnownFileType = sourcecode.swift; path = MenuBarIcon.swift; sourceTree = "<group>"; };
		BP300001 /* BrowserPicker.app */ = {isa = PBXFileReference; explicitFileType = wrapper.application; includeInIndex = 0; path = BrowserPicker.app; sourceTree = BUILT_PRODUCTS_DIR; };
		BP300002 /* BrowserPickerTests.xctest */ = {isa = PBXFileReference; explicitFileType = wrapper.cfbundle; includeInIndex = 0; path = BrowserPickerTests.xctest; sourceTree = BUILT_PRODUCTS_DIR; };
		BP200020 /* RouterTests.swift */ = {isa = PBXFileReference; lastKnownFileType = sourcecode.swift; path = RouterTests.swift; sourceTree = "<group>"; };
		BP200021 /* URLMatcherTests.swift */ = {isa = PBXFileReference; lastKnownFileType = sourcecode.swift; path = URLMatcherTests.swift; sourceTree = "<group>"; };
		BP200022 /* AppMatcherTests.swift */ = {isa = PBXFileReference; lastKnownFileType = sourcecode.swift; path = AppMatcherTests.swift; sourceTree = "<group>"; };
		BP200023 /* ConfigTests.swift */ = {isa = PBXFileReference; lastKnownFileType = sourcecode.swift; path = ConfigTests.swift; sourceTree = "<group>"; };
/* End PBXFileReference section */

/* Begin PBXFrameworksBuildPhase section */
		BP400001 /* Frameworks */ = {
			isa = PBXFrameworksBuildPhase;
			buildActionMask = 2147483647;
			files = (
			);
			runOnlyForDeploymentPostprocessing = 0;
		};
		BP400002 /* Frameworks */ = {
			isa = PBXFrameworksBuildPhase;
			buildActionMask = 2147483647;
			files = (
			);
			runOnlyForDeploymentPostprocessing = 0;
		};
/* End PBXFrameworksBuildPhase section */

/* Begin PBXGroup section */
		BP500001 = {
			isa = PBXGroup;
			children = (
				BP500002 /* BrowserPicker */,
				BP500003 /* BrowserPickerTests */,
				BP500004 /* Products */,
			);
			sourceTree = "<group>";
		};
		BP500002 /* BrowserPicker */ = {
			isa = PBXGroup;
			children = (
				BP200002 /* BrowserPickerApp.swift */,
				BP200001 /* AppDelegate.swift */,
				BP200008 /* AppTracker.swift */,
				BP200010 /* AppEvents.swift */,
				BP200009 /* AppLog.swift */,
				BP200003 /* PickerConfig.swift */,
				BP200004 /* Router.swift */,
				BP200005 /* ConfigStore.swift */,
				BP200006 /* Scanners.swift */,
				BP200007 /* BrowserOpener.swift */,
				BP200011 /* MenuBarView.swift */,
				BP200012 /* SettingsView.swift */,
				BP200013 /* RuleRowView.swift */,
				BP200014 /* AboutView.swift */,
				BP200018 /* MenuBarIcon.swift */,
				BP200016 /* Info.plist */,
				BP200017 /* BrowserPicker.entitlements */,
				BP200015 /* Assets.xcassets */,
			);
			path = BrowserPicker;
			sourceTree = "<group>";
		};
		BP500003 /* BrowserPickerTests */ = {
			isa = PBXGroup;
			children = (
				BP200020 /* RouterTests.swift */,
				BP200021 /* URLMatcherTests.swift */,
				BP200022 /* AppMatcherTests.swift */,
				BP200023 /* ConfigTests.swift */,
			);
			path = BrowserPickerTests;
			sourceTree = "<group>";
		};
		BP500004 /* Products */ = {
			isa = PBXGroup;
			children = (
				BP300001 /* BrowserPicker.app */,
				BP300002 /* BrowserPickerTests.xctest */,
			);
			name = Products;
			sourceTree = "<group>";
		};
/* End PBXGroup section */

/* Begin PBXNativeTarget section */
		BP600001 /* BrowserPicker */ = {
			isa = PBXNativeTarget;
			buildConfigurationList = BPA70003 /* Build configuration list for PBXNativeTarget "BrowserPicker" */;
			buildPhases = (
				BP800001 /* Sources */,
				BP400001 /* Frameworks */,
				BP900001 /* Resources */,
			);
			buildRules = (
			);
			dependencies = (
			);
			name = BrowserPicker;
			productName = BrowserPicker;
			productReference = BP300001 /* BrowserPicker.app */;
			productType = "com.apple.product-type.application";
		};
		BP600002 /* BrowserPickerTests */ = {
			isa = PBXNativeTarget;
			buildConfigurationList = BPB70001 /* Build configuration list for PBXNativeTarget "BrowserPickerTests" */;
			buildPhases = (
				BP800002 /* Sources */,
				BP400002 /* Frameworks */,
			);
			buildRules = (
			);
			dependencies = (
				BP900002 /* PBXTargetDependency */,
			);
			name = BrowserPickerTests;
			productName = BrowserPickerTests;
			productReference = BP300002 /* BrowserPickerTests.xctest */;
			productType = "com.apple.product-type.bundle.unit-test";
		};
/* End PBXNativeTarget section */

/* Begin PBXProject section */
		BPAA0001 /* Project object */ = {
			isa = PBXProject;
			attributes = {
				BuildIndependentTargetsInParallel = 1;
				LastSwiftUpdateCheck = 1500;
				LastUpgradeCheck = 2620;
				TargetAttributes = {
					BP600001 = {
						CreatedOnToolsVersion = 15.0;
					};
				};
			};
			buildConfigurationList = BPA70001 /* Build configuration list for PBXProject "BrowserPicker" */;
			compatibilityVersion = "Xcode 14.0";
			developmentRegion = en;
			hasScannedForEncodings = 0;
			knownRegions = (
				en,
				Base,
			);
			mainGroup = BP500001;
			productRefGroup = BP500004 /* Products */;
			projectDirPath = "";
			projectRoot = "";
			targets = (
				BP600001 /* BrowserPicker */,
				BP600002 /* BrowserPickerTests */,
			);
		};
/* End PBXProject section */

/* Begin PBXResourcesBuildPhase section */
		BP900001 /* Resources */ = {
			isa = PBXResourcesBuildPhase;
			buildActionMask = 2147483647;
			files = (
				BP100015 /* Assets.xcassets in Resources */,
			);
			runOnlyForDeploymentPostprocessing = 0;
		};
/* End PBXResourcesBuildPhase section */

/* Begin PBXSourcesBuildPhase section */
		BP800001 /* Sources */ = {
			isa = PBXSourcesBuildPhase;
			buildActionMask = 2147483647;
			files = (
				BP100002 /* BrowserPickerApp.swift in Sources */,
				BP100001 /* AppDelegate.swift in Sources */,
				BP100008 /* AppTracker.swift in Sources */,
				BP100010 /* AppEvents.swift in Sources */,
				BP100009 /* AppLog.swift in Sources */,
				BP100003 /* PickerConfig.swift in Sources */,
				BP100004 /* Router.swift in Sources */,
				BP100005 /* ConfigStore.swift in Sources */,
				BP100006 /* Scanners.swift in Sources */,
				BP100007 /* BrowserOpener.swift in Sources */,
				BP100011 /* MenuBarView.swift in Sources */,
				BP100012 /* SettingsView.swift in Sources */,
				BP100013 /* RuleRowView.swift in Sources */,
				BP100014 /* AboutView.swift in Sources */,
				BP100016 /* MenuBarIcon.swift in Sources */,
			);
			runOnlyForDeploymentPostprocessing = 0;
		};
		BP800002 /* Sources */ = {
			isa = PBXSourcesBuildPhase;
			buildActionMask = 2147483647;
			files = (
				BP100020 /* RouterTests.swift in Sources */,
				BP100021 /* URLMatcherTests.swift in Sources */,
				BP100022 /* AppMatcherTests.swift in Sources */,
				BP100023 /* ConfigTests.swift in Sources */,
			);
			runOnlyForDeploymentPostprocessing = 0;
		};
/* End PBXSourcesBuildPhase section */

/* Begin PBXTargetDependency section */
		BP900002 /* PBXTargetDependency */ = {
			isa = PBXTargetDependency;
			target = BP600001 /* BrowserPicker */;
			targetProxy = BP900003 /* PBXContainerItemProxy */;
		};
/* End PBXTargetDependency section */

/* Begin XCBuildConfiguration section */
		BPAB0001 /* Debug */ = {
			isa = XCBuildConfiguration;
			buildSettings = {
				ALWAYS_SEARCH_USER_PATHS = NO;
				ASSETCATALOG_COMPILER_GENERATE_SWIFT_ASSET_SYMBOL_EXTENSIONS = YES;
				CLANG_ANALYZER_NONNULL = YES;
				CLANG_ANALYZER_NUMBER_OBJECT_CONVERSION = YES_AGGRESSIVE;
				CLANG_CXX_LANGUAGE_STANDARD = "gnu++20";
				CLANG_ENABLE_MODULES = YES;
				CLANG_ENABLE_OBJC_ARC = YES;
				CLANG_ENABLE_OBJC_WEAK = YES;
				CLANG_WARN_BLOCK_CAPTURE_AUTORELEASING = YES;
				CLANG_WARN_BOOL_CONVERSION = YES;
				CLANG_WARN_COMMA = YES;
				CLANG_WARN_CONSTANT_CONVERSION = YES;
				CLANG_WARN_DEPRECATED_OBJC_IMPLEMENTATIONS = YES;
				CLANG_WARN_DIRECT_OBJC_ISA_USAGE = YES_ERROR;
				CLANG_WARN_DOCUMENTATION_COMMENTS = YES;
				CLANG_WARN_EMPTY_BODY = YES;
				CLANG_WARN_ENUM_CONVERSION = YES;
				CLANG_WARN_INFINITE_RECURSION = YES;
				CLANG_WARN_INT_CONVERSION = YES;
				CLANG_WARN_NON_LITERAL_NULL_CONVERSION = YES;
				CLANG_WARN_OBJC_IMPLICIT_RETAIN_SELF = YES;
				CLANG_WARN_OBJC_LITERAL_CONVERSION = YES;
				CLANG_WARN_OBJC_ROOT_CLASS = YES_ERROR;
				CLANG_WARN_QUOTED_INCLUDE_IN_FRAMEWORK_HEADER = YES;
				CLANG_WARN_RANGE_LOOP_ANALYSIS = YES;
				CLANG_WARN_STRICT_PROTOTYPES = YES;
				CLANG_WARN_SUSPICIOUS_MOVE = YES;
				CLANG_WARN_UNGUARDED_AVAILABILITY = YES_AGGRESSIVE;
				CLANG_WARN_UNREACHABLE_CODE = YES;
				CLANG_WARN__DUPLICATE_METHOD_MATCH = YES;
				COPY_PHASE_STRIP = NO;
				DEAD_CODE_STRIPPING = YES;
				DEBUG_INFORMATION_FORMAT = dwarf;
				ENABLE_STRICT_OBJC_MSGSEND = YES;
				ENABLE_TESTABILITY = YES;
				ENABLE_USER_SCRIPT_SANDBOXING = YES;
				GCC_C_LANGUAGE_STANDARD = gnu17;
				GCC_DYNAMIC_NO_PIC = NO;
				GCC_NO_COMMON_BLOCKS = YES;
				GCC_OPTIMIZATION_LEVEL = 0;
				GCC_PREPROCESSOR_DEFINITIONS = (
					"DEBUG=1",
					"$(inherited)",
				);
				GCC_WARN_64_TO_32_BIT_CONVERSION = YES;
				GCC_WARN_ABOUT_RETURN_TYPE = YES_ERROR;
				GCC_WARN_UNDECLARED_SELECTOR = YES;
				GCC_WARN_UNINITIALIZED_AUTOS = YES_AGGRESSIVE;
				GCC_WARN_UNUSED_FUNCTION = YES;
				GCC_WARN_UNUSED_VARIABLE = YES;
				MACOSX_DEPLOYMENT_TARGET = 14.0;
				MTL_ENABLE_DEBUG_INFO = INCLUDE_SOURCE;
				MTL_FAST_MATH = YES;
				ONLY_ACTIVE_ARCH = YES;
				SDKROOT = macosx;
				STRING_CATALOG_GENERATE_SYMBOLS = YES;
				SWIFT_ACTIVE_COMPILATION_CONDITIONS = "DEBUG $(inherited)";
				SWIFT_OPTIMIZATION_LEVEL = "-Onone";
			};
			name = Debug;
		};
		BPAB0002 /* Release */ = {
			isa = XCBuildConfiguration;
			buildSettings = {
				ALWAYS_SEARCH_USER_PATHS = NO;
				ASSETCATALOG_COMPILER_GENERATE_SWIFT_ASSET_SYMBOL_EXTENSIONS = YES;
				CLANG_ANALYZER_NONNULL = YES;
				CLANG_ANALYZER_NUMBER_OBJECT_CONVERSION = YES_AGGRESSIVE;
				CLANG_CXX_LANGUAGE_STANDARD = "gnu++20";
				CLANG_ENABLE_MODULES = YES;
				CLANG_ENABLE_OBJC_ARC = YES;
				CLANG_ENABLE_OBJC_WEAK = YES;
				CLANG_WARN_BLOCK_CAPTURE_AUTORELEASING = YES;
				CLANG_WARN_BOOL_CONVERSION = YES;
				CLANG_WARN_COMMA = YES;
				CLANG_WARN_CONSTANT_CONVERSION = YES;
				CLANG_WARN_DEPRECATED_OBJC_IMPLEMENTATIONS = YES;
				CLANG_WARN_DIRECT_OBJC_ISA_USAGE = YES_ERROR;
				CLANG_WARN_DOCUMENTATION_COMMENTS = YES;
				CLANG_WARN_EMPTY_BODY = YES;
				CLANG_WARN_ENUM_CONVERSION = YES;
				CLANG_WARN_INFINITE_RECURSION = YES;
				CLANG_WARN_INT_CONVERSION = YES;
				CLANG_WARN_NON_LITERAL_NULL_CONVERSION = YES;
				CLANG_WARN_OBJC_IMPLICIT_RETAIN_SELF = YES;
				CLANG_WARN_OBJC_LITERAL_CONVERSION = YES;
				CLANG_WARN_OBJC_ROOT_CLASS = YES_ERROR;
				CLANG_WARN_QUOTED_INCLUDE_IN_FRAMEWORK_HEADER = YES;
				CLANG_WARN_RANGE_LOOP_ANALYSIS = YES;
				CLANG_WARN_STRICT_PROTOTYPES = YES;
				CLANG_WARN_SUSPICIOUS_MOVE = YES;
				CLANG_WARN_UNGUARDED_AVAILABILITY = YES_AGGRESSIVE;
				CLANG_WARN_UNREACHABLE_CODE = YES;
				CLANG_WARN__DUPLICATE_METHOD_MATCH = YES;
				COPY_PHASE_STRIP = NO;
				DEAD_CODE_STRIPPING = YES;
				DEBUG_INFORMATION_FORMAT = "dwarf-with-dsym";
				ENABLE_NS_ASSERTIONS = NO;
				ENABLE_STRICT_OBJC_MSGSEND = YES;
				ENABLE_USER_SCRIPT_SANDBOXING = YES;
				GCC_C_LANGUAGE_STANDARD = gnu17;
				GCC_NO_COMMON_BLOCKS = YES;
				GCC_WARN_64_TO_32_BIT_CONVERSION = YES;
				GCC_WARN_ABOUT_RETURN_TYPE = YES_ERROR;
				GCC_WARN_UNDECLARED_SELECTOR = YES;
				GCC_WARN_UNINITIALIZED_AUTOS = YES_AGGRESSIVE;
				GCC_WARN_UNUSED_FUNCTION = YES;
				GCC_WARN_UNUSED_VARIABLE = YES;
				MACOSX_DEPLOYMENT_TARGET = 14.0;
				MTL_ENABLE_DEBUG_INFO = NO;
				MTL_FAST_MATH = YES;
				SDKROOT = macosx;
				STRING_CATALOG_GENERATE_SYMBOLS = YES;
				SWIFT_COMPILATION_MODE = wholemodule;
			};
			name = Release;
		};
		BPAC0001 /* Debug */ = {
			isa = XCBuildConfiguration;
			buildSettings = {
				CODE_SIGN_ENTITLEMENTS = BrowserPicker/BrowserPicker.entitlements;
				CODE_SIGN_STYLE = Automatic;
				COMBINE_HIDPI_IMAGES = YES;
				CURRENT_PROJECT_VERSION = 1;
				DEAD_CODE_STRIPPING = YES;
				GENERATE_INFOPLIST_FILE = NO;
				INFOPLIST_FILE = BrowserPicker/Info.plist;
				INFOPLIST_KEY_NSHumanReadableCopyright = "";
				LD_RUNPATH_SEARCH_PATHS = (
					"$(inherited)",
					"@executable_path/../Frameworks",
				);
				MARKETING_VERSION = 1.0;
				PRODUCT_BUNDLE_IDENTIFIER = com.browserpicker.app;
				PRODUCT_NAME = "$(TARGET_NAME)";
				SWIFT_EMIT_LOC_STRINGS = YES;
				SWIFT_VERSION = 5.0;
			};
			name = Debug;
		};
		BPAC0002 /* Release */ = {
			isa = XCBuildConfiguration;
			buildSettings = {
				CODE_SIGN_ENTITLEMENTS = BrowserPicker/BrowserPicker.entitlements;
				CODE_SIGN_STYLE = Automatic;
				COMBINE_HIDPI_IMAGES = YES;
				CURRENT_PROJECT_VERSION = 1;
				DEAD_CODE_STRIPPING = YES;
				GENERATE_INFOPLIST_FILE = NO;
				INFOPLIST_FILE = BrowserPicker/Info.plist;
				INFOPLIST_KEY_NSHumanReadableCopyright = "";
				LD_RUNPATH_SEARCH_PATHS = (
					"$(inherited)",
					"@executable_path/../Frameworks",
				);
				MARKETING_VERSION = 1.0;
				PRODUCT_BUNDLE_IDENTIFIER = com.browserpicker.app;
				PRODUCT_NAME = "$(TARGET_NAME)";
				SWIFT_EMIT_LOC_STRINGS = YES;
				SWIFT_VERSION = 5.0;
			};
			name = Release;
		};
		BPBC0001 /* Debug */ = {
			isa = XCBuildConfiguration;
			buildSettings = {
				BUNDLE_LOADER = "$(TEST_HOST)";
				CODE_SIGN_STYLE = Automatic;
				CURRENT_PROJECT_VERSION = 1;
				DEAD_CODE_STRIPPING = YES;
				GENERATE_INFOPLIST_FILE = YES;
				MARKETING_VERSION = 1.0;
				PRODUCT_BUNDLE_IDENTIFIER = com.browserpicker.app.tests;
				PRODUCT_NAME = "$(TARGET_NAME)";
				SWIFT_EMIT_LOC_STRINGS = NO;
				SWIFT_VERSION = 5.0;
				TEST_HOST = "$(BUILT_PRODUCTS_DIR)/BrowserPicker.app/$(BUNDLE_EXECUTABLE_FOLDER_PATH)/BrowserPicker";
			};
			name = Debug;
		};
		BPBC0002 /* Release */ = {
			isa = XCBuildConfiguration;
			buildSettings = {
				BUNDLE_LOADER = "$(TEST_HOST)";
				CODE_SIGN_STYLE = Automatic;
				CURRENT_PROJECT_VERSION = 1;
				DEAD_CODE_STRIPPING = YES;
				GENERATE_INFOPLIST_FILE = YES;
				MARKETING_VERSION = 1.0;
				PRODUCT_BUNDLE_IDENTIFIER = com.browserpicker.app.tests;
				PRODUCT_NAME = "$(TARGET_NAME)";
				SWIFT_EMIT_LOC_STRINGS = NO;
				SWIFT_VERSION = 5.0;
				TEST_HOST = "$(BUILT_PRODUCTS_DIR)/BrowserPicker.app/$(BUNDLE_EXECUTABLE_FOLDER_PATH)/BrowserPicker";
			};
			name = Release;
		};
/* End XCBuildConfiguration section */

/* Begin XCConfigurationList section */
		BPA70001 /* Build configuration list for PBXProject "BrowserPicker" */ = {
			isa = XCConfigurationList;
			buildConfigurations = (
				BPAB0001 /* Debug */,
				BPAB0002 /* Release */,
			);
			defaultConfigurationIsVisible = 0;
			defaultConfigurationName = Release;
		};
		BPA70003 /* Build configuration list for PBXNativeTarget "BrowserPicker" */ = {
			isa = XCConfigurationList;
			buildConfigurations = (
				BPAC0001 /* Debug */,
				BPAC0002 /* Release */,
			);
			defaultConfigurationIsVisible = 0;
			defaultConfigurationName = Release;
		};
		BPB70001 /* Build configuration list for PBXNativeTarget "BrowserPickerTests" */ = {
			isa = XCConfigurationList;
			buildConfigurations = (
				BPBC0001 /* Debug */,
				BPBC0002 /* Release */,
			);
			defaultConfigurationIsVisible = 0;
			defaultConfigurationName = Release;
		};
/* End XCConfigurationList section */
	};
	rootObject = BPAA0001 /* Project object */;
}
